
Microsoft Visual Studio Solution File, Format Version 12.00
# Visual Studio Version 16
VisualStudioVersion = 16.0.32630.194
MinimumVisualStudioVersion = 10.0.40219.1
Project("{FAE04EC0-301F-11D3-BF4B-00C04F79EFBC}") = "WinFormsApp1", "WinFormsApp1\WinFormsApp1.csproj", "{829312A6-BE89-4E1B-A864-BB41CA12B4A0}"
EndProject
Global
	GlobalSection(SolutionConfigurationPlatforms) = preSolution
		Debug|Any CPU = Debug|Any CPU
		Release|Any CPU = Release|Any CPU
	EndGlobalSection
	GlobalSection(ProjectConfigurationPlatforms) = postSolution
		{829312A6-BE89-4E1B-A864-BB41CA12B4A0}.Debug|Any CPU.ActiveCfg = Debug|Any CPU
		{829312A6-BE89-4E1B-A864-BB41CA12B4A0}.Debug|Any CPU.Build.0 = Debug|Any CPU
		{829312A6-BE89-4E1B-A864-BB41CA12B4A0}.Release|Any CPU.ActiveCfg = Release|Any CPU
		{829312A6-BE89-4E1B-A864-BB41CA12B4A0}.Release|Any CPU.Build.0 = Release|Any CPU
	EndGlobalSection
	GlobalSection(SolutionProperties) = preSolution
		HideSolutionNode = FALSE
	EndGlobalSection
	GlobalSection(ExtensibilityGlobals) = postSolution
		SolutionGuid = {C6136AF7-7863-4A06-8EA1-F3BA74AAE0F3}
	EndGlobalSection
EndGlobal
